// !$*UTF8*$!
{
	archiveVersion = 1;
	classes = {
	};
	objectVersion = 50;
	objects = {

/* Begin PBXBuildFile section */
		F442DF8822EA21E000516346 /* AppDelegate.swift in Sources */ = {isa = PBXBuildFile; fileRef = F442DF8722EA21E000516346 /* AppDelegate.swift */; };
		F442DF8A22EA21E000516346 /* ViewController.swift in Sources */ = {isa = PBXBuildFile; fileRef = F442DF8922EA21E000516346 /* ViewController.swift */; };
		F442DF8D22EA21E000516346 /* Main.storyboard in Resources */ = {isa = PBXBuildFile; fileRef = F442DF8B22EA21E000516346 /* Main.storyboard */; };
		F442DF8F22EA21E100516346 /* Assets.xcassets in Resources */ = {isa = PBXBuildFile; fileRef = F442DF8E22EA21E100516346 /* Assets.xcassets */; };
		F442DF9222EA21E100516346 /* LaunchScreen.storyboard in Resources */ = {isa = PBXBuildFile; fileRef = F442DF9022EA21E100516346 /* LaunchScreen.storyboard */; };
		F442DF9A22EA23EA00516346 /* SqueezeNet.mlmodel in Sources */ = {isa = PBXBuildFile; fileRef = F442DF9922EA23EA00516346 /* SqueezeNet.mlmodel */; };
		F442DF9C22EA49E800516346 /* Resnet50.mlmodel in Sources */ = {isa = PBXBuildFile; fileRef = F442DF9B22EA49E800516346 /* Resnet50.mlmodel */; };
/* End PBXBuildFile section */

/* Begin PBXFileReference section */
		F442DF8422EA21E000516346 /* Recognize.app */ = {isa = PBXFileReference; explicitFileType = wrapper.application; includeInIndex = 0; path = Recognize.app; sourceTree = BUILT_PRODUCTS_DIR; };
		F442DF8722EA21E000516346 /* AppDelegate.swift */ = {isa = PBXFileReference; lastKnownFileType = sourcecode.swift; path = AppDelegate.swift; sourceTree = "<group>"; };
		F442DF8922EA21E000516346 /* ViewController.swift */ = {isa = PBXFileReference; lastKnownFileType = sourcecode.swift; path = ViewController.swift; sourceTree = "<group>"; };
		F442DF8C22EA21E000516346 /* Base */ = {isa = PBXFileReference; lastKnownFileType = file.storyboard; name = Base; path = Base.lproj/Main.storyboard; sourceTree = "<group>"; };
		F442DF8E22EA21E100516346 /* Assets.xcassets */ = {isa = PBXFileReference; lastKnownFileType = folder.assetcatalog; path = Assets.xcassets; sourceTree = "<group>"; };
		F442DF9122EA21E100516346 /* Base */ = {isa = PBXFileReference; lastKnownFileType = file.storyboard; name = Base; path = Base.lproj/LaunchScreen.storyboard; sourceTree = "<group>"; };
		F442DF9322EA21E100516346 /* Info.plist */ = {isa = PBXFileReference; lastKnownFileType = text.plist.xml; path = Info.plist; sourceTree = "<group>"; };
		F442DF9922EA23EA00516346 /* SqueezeNet.mlmodel */ = {isa = PBXFileReference; lastKnownFileType = file.mlmodel; path = SqueezeNet.mlmodel; sourceTree = "<group>"; };
		F442DF9B22EA49E800516346 /* Resnet50.mlmodel */ = {isa = PBXFileReference; lastKnownFileType = file.mlmodel; path = Resnet50.mlmodel; sourceTree = "<group>"; };
/* End PBXFileReference section */

/* Begin PBXFrameworksBuildPhase section */
		F442DF8122EA21E000516346 /* Frameworks */ = {
			isa = PBXFrameworksBuildPhase;
			buildActionMask = 2147483647;
			files = (
			);
			runOnlyForDeploymentPostprocessing = 0;
		};
/* End PBXFrameworksBuildPhase section */

/* Begin PBXGroup section */
		F442DF7B22EA21E000516346 = {
			isa = PBXGroup;
			children = (
				F442DF8622EA21E000516346 /* Recognize */,
				F442DF8522EA21E000516346 /* Products */,
			);
			sourceTree = "<group>";
		};
		F442DF8522EA21E000516346 /* Products */ = {
			isa = PBXGroup;
			children = (
				F442DF8422EA21E000516346 /* Recognize.app */,
			);
			name = Products;
			sourceTree = "<group>";
		};
		F442DF8622EA21E000516346 /* Recognize */ = {
			isa = PBXGroup;
			children = (
				F442DF8722EA21E000516346 /* AppDelegate.swift */,
				F442DF8922EA21E000516346 /* ViewController.swift */,
				F442DF8B22EA21E000516346 /* Main.storyboard */,
				F442DF8E22EA21E100516346 /* Assets.xcassets */,
				F442DF9022EA21E100516346 /* LaunchScreen.storyboard */,
				F442DF9322EA21E100516346 /* Info.plist */,
				F442DF9922EA23EA00516346 /* SqueezeNet.mlmodel */,
				F442DF9B22EA49E800516346 /* Resnet50.mlmodel */,
			);
			path = Recognize;
			sourceTree = "<group>";
		};
/* End PBXGroup section */

/* Begin PBXNativeTarget section */
		F442DF8322EA21E000516346 /* Recognize */ = {
			isa = PBXNativeTarget;
			buildConfigurationList = F442DF9622EA21E100516346 /* Build configuration list for PBXNativeTarget "Recognize" */;
			buildPhases = (
				F442DF8022EA21E000516346 /* Sources */,
				F442DF8122EA21E000516346 /* Frameworks */,
				F442DF8222EA21E000516346 /* Resources */,
			);
			buildRules = (
			);
			dependencies = (
			);
			name = Recognize;
			productName = Recognize;
			productReference = F442DF8422EA21E000516346 /* Recognize.app */;
			productType = "com.apple.product-type.application";
		};
/* End PBXNativeTarget section */

/* Begin PBXProject section */
		F442DF7C22EA21E000516346 /* Project object */ = {
			isa = PBXProject;
			attributes = {
				LastSwiftUpdateCheck = 1030;
				LastUpgradeCheck = 1030;
				ORGANIZATIONNAME = "Leonor Resende";
				TargetAttributes = {
					F442DF8322EA21E000516346 = {
						CreatedOnToolsVersion = 10.3;
					};
				};
			};
			buildConfigurationList = F442DF7F22EA21E000516346 /* Build configuration list for PBXProject "Recognize" */;
			compatibilityVersion = "Xcode 9.3";
			developmentRegion = en;
			hasScannedForEncodings = 0;
			knownRegions = (
				en,
				Base,
			);
			mainGroup = F442DF7B22EA21E000516346;
			productRefGroup = F442DF8522EA21E000516346 /* Products */;
			projectDirPath = "";
			projectRoot = "";
			targets = (
				F442DF8322EA21E000516346 /* Recognize */,
			);
		};
/* End PBXProject section */

/* Begin PBXResourcesBuildPhase section */
		F442DF8222EA21E000516346 /* Resources */ = {
			isa = PBXResourcesBuildPhase;
			buildActionMask = 2147483647;
			files = (
				F442DF9222EA21E100516346 /* LaunchScreen.storyboard in Resources */,
				F442DF8F22EA21E100516346 /* Assets.xcassets in Resources */,
				F442DF8D22EA21E000516346 /* Main.storyboard in Resources */,
			);
			runOnlyForDeploymentPostprocessing = 0;
		};
/* End PBXResourcesBuildPhase section */

/* Begin PBXSourcesBuildPhase section */
		F442DF8022EA21E000516346 /* Sources */ = {
			isa = PBXSourcesBuildPhase;
			buildActionMask = 2147483647;
			files = (
				F442DF8A22EA21E000516346 /* ViewController.swift in Sources */,
				F442DF9A22EA23EA00516346 /* SqueezeNet.mlmodel in Sources */,
				F442DF9C22EA49E800516346 /* Resnet50.mlmodel in Sources */,
				F442DF8822EA21E000516346 /* AppDelegate.swift in Sources */,
			);
			runOnlyForDeploymentPostprocessing = 0;
		};
/* End PBXSourcesBuildPhase section */

/* Begin PBXVariantGroup section */
		F442DF8B22EA21E000516346 /* Main.storyboard */ = {
			isa = PBXVariantGroup;
			children = (
				F442DF8C22EA21E000516346 /* Base */,
			);
			name = Main.storyboard;
			sourceTree = "<group>";
		};
		F442DF9022EA21E100516346 /* LaunchScreen.storyboard */ = {
			isa = PBXVariantGroup;
			children = (
				F442DF9122EA21E100516346 /* Base */,
			);
			name = LaunchScreen.storyboard;
			sourceTree = "<group>";
		};
/* End PBXVariantGroup section */

/* Begin XCBuildConfiguration section */
		F442DF9422EA21E100516346 /* Debug */ = {
			isa = XCBuildConfiguration;
			buildSettings = {
				ALWAYS_SEARCH_USER_PATHS = NO;
				CLANG_ANALYZER_NONNULL = YES;
				CLANG_ANALYZER_NUMBER_OBJECT_CONVERSION = YES_AGGRESSIVE;
				CLANG_CXX_LANGUAGE_STANDARD = "gnu++14";
				CLANG_CXX_LIBRARY = "libc++";
				CLANG_ENABLE_MODULES = YES;
				CLANG_ENABLE_OBJC_ARC = YES;
				CLANG_ENABLE_OBJC_WEAK = YES;
				CLANG_WARN_BLOCK_CAPTURE_AUTORELEASING = YES;
				CLANG_WARN_BOOL_CONVERSION = YES;
				CLANG_WARN_COMMA = YES;
				CLANG_WARN_CONSTANT_CONVERSION = YES;
				CLANG_WARN_DEPRECATED_OBJC_IMPLEMENTATIONS = YES;
				CLANG_WARN_DIRECT_OBJC_ISA_USAGE = YES_ERROR;
				CLANG_WARN_DOCUMENTATION_COMMENTS = YES;
				CLANG_WARN_EMPTY_BODY = YES;
				CLANG_WARN_ENUM_CONVERSION = YES;
				CLANG_WARN_INFINITE_RECURSION = YES;
				CLANG_WARN_INT_CONVERSION = YES;
				CLANG_WARN_NON_LITERAL_NULL_CONVERSION = YES;
				CLANG_WARN_OBJC_IMPLICIT_RETAIN_SELF = YES;
				CLANG_WARN_OBJC_LITERAL_CONVERSION = YES;
				CLANG_WARN_OBJC_ROOT_CLASS = YES_ERROR;
				CLANG_WARN_RANGE_LOOP_ANALYSIS = YES;
				CLANG_WARN_STRICT_PROTOTYPES = YES;
				CLANG_WARN_SUSPICIOUS_MOVE = YES;
				CLANG_WARN_UNGUARDED_AVAILABILITY = YES_AGGRESSIVE;
				CLANG_WARN_UNREACHABLE_CODE = YES;
				CLANG_WARN__DUPLICATE_METHOD_MATCH = YES;
				CODE_SIGN_IDENTITY = "iPhone Developer";
				COPY_PHASE_STRIP = NO;
				DEBUG_INFORMATION_FORMAT = dwarf;
				ENABLE_STRICT_OBJC_MSGSEND = YES;
				ENABLE_TESTABILITY = YES;
				GCC_C_LANGUAGE_STANDARD = gnu11;
				GCC_DYNAMIC_NO_PIC = NO;
				GCC_NO_COMMON_BLOCKS = YES;
				GCC_OPTIMIZATION_LEVEL = 0;
				GCC_PREPROCESSOR_DEFINITIONS = (
					"DEBUG=1",
					"$(inherited)",
				);
				GCC_WARN_64_TO_32_BIT_CONVERSION = YES;
				GCC_WARN_ABOUT_RETURN_TYPE = YES_ERROR;
				GCC_WARN_UNDECLARED_SELECTOR = YES;
				GCC_WARN_UNINITIALIZED_AUTOS = YES_AGGRESSIVE;
				GCC_WARN_UNUSED_FUNCTION = YES;
				GCC_WARN_UNUSED_VARIABLE = YES;
				IPHONEOS_DEPLOYMENT_TARGET = 12.4;
				MTL_ENABLE_DEBUG_INFO = INCLUDE_SOURCE;
				MTL_FAST_MATH = YES;
				ONLY_ACTIVE_ARCH = YES;
				SDKROOT = iphoneos;
				SWIFT_ACTIVE_COMPILATION_CONDITIONS = DEBUG;
				SWIFT_OPTIMIZATION_LEVEL = "-Onone";
			};
			name = Debug;
		};
		F442DF9522EA21E100516346 /* Release */ = {
			isa = XCBuildConfiguration;
			buildSettings = {
				ALWAYS_SEARCH_USER_PATHS = NO;
				CLANG_ANALYZER_NONNULL = YES;
				CLANG_ANALYZER_NUMBER_OBJECT_CONVERSION = YES_AGGRESSIVE;
				CLANG_CXX_LANGUAGE_STANDARD = "gnu++14";
				CLANG_CXX_LIBRARY = "libc++";
				CLANG_ENABLE_MODULES = YES;
				CLANG_ENABLE_OBJC_ARC = YES;
				CLANG_ENABLE_OBJC_WEAK = YES;
				CLANG_WARN_BLOCK_CAPTURE_AUTORELEASING = YES;
				CLANG_WARN_BOOL_CONVERSION = YES;
				CLANG_WARN_COMMA = YES;
				CLANG_WARN_CONSTANT_CONVERSION = YES;
				CLANG_WARN_DEPRECATED_OBJC_IMPLEMENTATIONS = YES;
				CLANG_WARN_DIRECT_OBJC_ISA_USAGE = YES_ERROR;
				CLANG_WARN_DOCUMENTATION_COMMENTS = YES;
				CLANG_WARN_EMPTY_BODY = YES;
				CLANG_WARN_ENUM_CONVERSION = YES;
				CLANG_WARN_INFINITE_RECURSION = YES;
				CLANG_WARN_INT_CONVERSION = YES;
				CLANG_WARN_NON_LITERAL_NULL_CONVERSION = YES;
				CLANG_WARN_OBJC_IMPLICIT_RETAIN_SELF = YES;
				CLANG_WARN_OBJC_LITERAL_CONVERSION = YES;
				CLANG_WARN_OBJC_ROOT_CLASS = YES_ERROR;
				CLANG_WARN_RANGE_LOOP_ANALYSIS = YES;
				CLANG_WARN_STRICT_PROTOTYPES = YES;
				CLANG_WARN_SUSPICIOUS_MOVE = YES;
				CLANG_WARN_UNGUARDED_AVAILABILITY = YES_AGGRESSIVE;
				CLANG_WARN_UNREACHABLE_CODE = YES;
				CLANG_WARN__DUPLICATE_METHOD_MATCH = YES;
				CODE_SIGN_IDENTITY = "iPhone Developer";
				COPY_PHASE_STRIP = NO;
				DEBUG_INFORMATION_FORMAT = "dwarf-with-dsym";
				ENABLE_NS_ASSERTIONS = NO;
				ENABLE_STRICT_OBJC_MSGSEND = YES;
				GCC_C_LANGUAGE_STANDARD = gnu11;
				GCC_NO_COMMON_BLOCKS = YES;
				GCC_WARN_64_TO_32_BIT_CONVERSION = YES;
				GCC_WARN_ABOUT_RETURN_TYPE = YES_ERROR;
				GCC_WARN_UNDECLARED_SELECTOR = YES;
				GCC_WARN_UNINITIALIZED_AUTOS = YES_AGGRESSIVE;
				GCC_WARN_UNUSED_FUNCTION = YES;
				GCC_WARN_UNUSED_VARIABLE = YES;
				IPHONEOS_DEPLOYMENT_TARGET = 12.4;
				MTL_ENABLE_DEBUG_INFO = NO;
				MTL_FAST_MATH = YES;
				SDKROOT = iphoneos;
				SWIFT_COMPILATION_MODE = wholemodule;
				SWIFT_OPTIMIZATION_LEVEL = "-O";
				VALIDATE_PRODUCT = YES;
			};
			name = Release;
		};
		F442DF9722EA21E100516346 /* Debug */ = {
			isa = XCBuildConfiguration;
			buildSettings = {
				ASSETCATALOG_COMPILER_APPICON_NAME = AppIcon;
				CODE_SIGN_STYLE = Automatic;
				DEVELOPMENT_TEAM = 4RT4YL768Q;
				INFOPLIST_FILE = Recognize/Info.plist;
				IPHONEOS_DEPLOYMENT_TARGET = 12.3;
				LD_RUNPATH_SEARCH_PATHS = (
					"$(inherited)",
					"@executable_path/Frameworks",
				);
				PRODUCT_BUNDLE_IDENTIFIER = com.leonorresende.Recognize;
				PRODUCT_NAME = "$(TARGET_NAME)";
				SWIFT_VERSION = 5.0;
				TARGETED_DEVICE_FAMILY = "1,2";
			};
			name = Debug;
		};
		F442DF9822EA21E100516346 /* Release */ = {
			isa = XCBuildConfiguration;
			buildSettings = {
				ASSETCATALOG_COMPILER_APPICON_NAME = AppIcon;
				CODE_SIGN_STYLE = Automatic;
				DEVELOPMENT_TEAM = 4RT4YL768Q;
				INFOPLIST_FILE = Recognize/Info.plist;
				IPHONEOS_DEPLOYMENT_TARGET = 12.3;
				LD_RUNPATH_SEARCH_PATHS = (
					"$(inherited)",
					"@executable_path/Frameworks",
				);
				PRODUCT_BUNDLE_IDENTIFIER = com.leonorresende.Recognize;
				PRODUCT_NAME = "$(TARGET_NAME)";
				SWIFT_VERSION = 5.0;
				TARGETED_DEVICE_FAMILY = "1,2";
			};
			name = Release;
		};
/* End XCBuildConfiguration section */

/* Begin XCConfigurationList section */
		F442DF7F22EA21E000516346 /* Build configuration list for PBXProject "Recognize" */ = {
			isa = XCConfigurationList;
			buildConfigurations = (
				F442DF9422EA21E100516346 /* Debug */,
				F442DF9522EA21E100516346 /* Release */,
			);
			defaultConfigurationIsVisible = 0;
			defaultConfigurationName = Release;
		};
		F442DF9622EA21E100516346 /* Build configuration list for PBXNativeTarget "Recognize" */ = {
			isa = XCConfigurationList;
			buildConfigurations = (
				F442DF9722EA21E100516346 /* Debug */,
				F442DF9822EA21E100516346 /* Release */,
			);
			defaultConfigurationIsVisible = 0;
			defaultConfigurationName = Release;
		};
/* End XCConfigurationList section */
	};
	rootObject = F442DF7C22EA21E000516346 /* Project object */;
}
